
Microsoft Visual Studio Solution File, Format Version 12.00
Project("{2150E333-8FDC-42A3-9474-1A3956D46DE8}") = "CookService", "CookService", "{0CE542EA-ACB6-40EC-BE8D-F3C74AE976B8}"
EndProject
Project("{2150E333-8FDC-42A3-9474-1A3956D46DE8}") = "RecipeService", "RecipeService", "{1622E4C8-B25C-4FAB-80D5-3DF82C342B99}"
EndProject
Project("{2150E333-8FDC-42A3-9474-1A3956D46DE8}") = "Orchestrator", "Orchestrator", "{4FF09E2B-1093-4CCB-B780-35A6B0EDFF23}"
EndProject
Project("{FAE04EC0-301F-11D3-BF4B-00C04F79EFBC}") = "Orchestrator.Api", "Orchestrator\Orchestrator.Api\Orchestrator.Api\Orchestrator.Api.csproj", "{B9AE1FCB-0064-46AD-B07E-C501297F0A92}"
EndProject
Project("{FAE04EC0-301F-11D3-BF4B-00C04F79EFBC}") = "Orchestrator.Application", "Orchestrator\Orchestrator.Application\Orchestrator.Application\Orchestrator.Application.csproj", "{2EDE7C2B-BFC9-444E-AAE8-0B51DA552607}"
EndProject
Project("{FAE04EC0-301F-11D3-BF4B-00C04F79EFBC}") = "Orchestrator.Domain", "Orchestrator\Orchestrator.Domain\Orchestrator.Domain\Orchestrator.Domain.csproj", "{2ACDDA77-A256-482E-96BD-70F5DBAAD995}"
EndProject
Project("{FAE04EC0-301F-11D3-BF4B-00C04F79EFBC}") = "Orchestrator.Infrasture", "Orchestrator\Orchestrator.Infrasture\Orchestrator.Infrasture\Orchestrator.Infrasture.csproj", "{1548F559-0FDC-4EAE-BDCD-AACB30DF8562}"
EndProject
Project("{2150E333-8FDC-42A3-9474-1A3956D46DE8}") = "HotKitchen", "HotKitchen", "{E99B7EB3-ED14-43C7-AF0D-06946E480BE7}"
EndProject
Project("{2150E333-8FDC-42A3-9474-1A3956D46DE8}") = "ColdKitchen", "ColdKitchen", "{8E258172-7360-458C-940B-ECABD8CC89E8}"
EndProject
Project("{2150E333-8FDC-42A3-9474-1A3956D46DE8}") = "DoughKitchen", "DoughKitchen", "{E6405131-AD00-48BF-B998-2B3A73F9C69F}"
EndProject
Project("{2150E333-8FDC-42A3-9474-1A3956D46DE8}") = "Shared", "Shared", "{1C3A57D9-7307-4576-9454-1C53C9EC7EDF}"
EndProject
Project("{FAE04EC0-301F-11D3-BF4B-00C04F79EFBC}") = "Shared.Application", "Shared\Shared.Application\Shared.Application.csproj", "{8C751A7E-C0DB-4207-B044-D4701EF7426E}"
EndProject
Project("{FAE04EC0-301F-11D3-BF4B-00C04F79EFBC}") = "Shared.Domain", "Shared\Shared.Domain\Shared.Domain.csproj", "{1D8A4AC8-71C2-4C9D-A101-6A9BB77FA587}"
EndProject
Project("{FAE04EC0-301F-11D3-BF4B-00C04F79EFBC}") = "Shared.Infrastructure", "Shared\Shared.Infrastructure\Shared.Infrastructure.csproj", "{9E84F058-A66F-44D7-8C82-78F193036443}"
EndProject
Project("{FAE04EC0-301F-11D3-BF4B-00C04F79EFBC}") = "ColdKitchen.Application", "ColdKitchen\ColdKitchen.Application\ColdKitchen.Application.csproj", "{5B66518A-1F7A-4E56-BA5C-0793D70D783C}"
EndProject
Project("{FAE04EC0-301F-11D3-BF4B-00C04F79EFBC}") = "ColdKitchen.Domain", "ColdKitchen\ColdKitchen.Domain\ColdKitchen.Domain.csproj", "{AE2E990C-2682-42CB-BC43-F1FD598898CB}"
EndProject
Project("{FAE04EC0-301F-11D3-BF4B-00C04F79EFBC}") = "ColdKitchen.Infrastructure", "ColdKitchen\ColdKitchen.Infrastructure\ColdKitchen.Infrastructure.csproj", "{85466DED-66A7-41AF-8ABE-20E207160941}"
EndProject
Project("{FAE04EC0-301F-11D3-BF4B-00C04F79EFBC}") = "ColdKitchen.Api", "ColdKitchen\ColdKitchen.Api\ColdKitchen.Api.csproj", "{CF2B8B41-72D2-4AD6-9CC5-C8147EBBABA3}"
EndProject
Project("{FAE04EC0-301F-11D3-BF4B-00C04F79EFBC}") = "DoughKitchen.Api", "DoughKitchen\DoughKitchen.Api\DoughKitchen.Api.csproj", "{20B5BD26-1738-4A71-97C4-3E837684496B}"
EndProject
Project("{FAE04EC0-301F-11D3-BF4B-00C04F79EFBC}") = "DoughKitchen.Application", "DoughKitchen\DoughKitchen.Application\DoughKitchen.Application.csproj", "{394E0193-19C0-467B-9FA4-A3439FA30C43}"
EndProject
Project("{FAE04EC0-301F-11D3-BF4B-00C04F79EFBC}") = "DoughKitchen.Domain", "DoughKitchen\DoughKitchen.Domain\DoughKitchen.Domain.csproj", "{10077AEE-B59B-4D51-A5BE-951A6191BA35}"
EndProject
Project("{FAE04EC0-301F-11D3-BF4B-00C04F79EFBC}") = "DoughKitchen.Infrastructure", "DoughKitchen\DoughKitchen.Infrastructure\DoughKitchen.Infrastructure.csproj", "{DD0DFDFF-7725-462F-BCD1-8E9D64FE89D9}"
EndProject
Project("{FAE04EC0-301F-11D3-BF4B-00C04F79EFBC}") = "HotKitchen.Application", "HotKitchen\HotKitchen.Application\HotKitchen.Application.csproj", "{A38D0DAA-C05B-42AA-A46E-7807DDA748AC}"
EndProject
Project("{FAE04EC0-301F-11D3-BF4B-00C04F79EFBC}") = "HotKitchen.Domain", "HotKitchen\HotKitchen.Domain\HotKitchen.Domain.csproj", "{75E98372-69BA-4ACB-96E7-2DDC454459A3}"
EndProject
Project("{FAE04EC0-301F-11D3-BF4B-00C04F79EFBC}") = "HotKitchen.Infrastructure", "HotKitchen\HotKitchen.Infrastructure\HotKitchen.Infrastructure.csproj", "{806FFF79-9006-4524-B189-775E5F93707A}"
EndProject
Project("{FAE04EC0-301F-11D3-BF4B-00C04F79EFBC}") = "HotKitchen.Api", "HotKitchen\HotKitchen.Api\HotKitchen.Api.csproj", "{A5D724BC-A245-408A-A714-F11DE8BEBD63}"
EndProject
Project("{FAE04EC0-301F-11D3-BF4B-00C04F79EFBC}") = "RecipeService.Api", "RecipeService\RecipeService.Api\RecipeService.Api.csproj", "{53367D38-25EE-4394-A107-CEF8D4D493A7}"
EndProject
Project("{FAE04EC0-301F-11D3-BF4B-00C04F79EFBC}") = "RecipeService.Domain", "RecipeService\RecipeService.Domain\RecipeService.Domain.csproj", "{5486B5C2-5491-4A82-A294-A68E895A3972}"
EndProject
Project("{FAE04EC0-301F-11D3-BF4B-00C04F79EFBC}") = "RecipeService.Application", "RecipeService\RecipeService.Application\RecipeService.Application.csproj", "{AF39D200-B1E3-4B90-91BA-3DAF8A27C397}"
EndProject
Project("{FAE04EC0-301F-11D3-BF4B-00C04F79EFBC}") = "RecipeService.Infrastructure", "RecipeService\RecipeService.Infrastructure\RecipeService.Infrastructure.csproj", "{82F53C95-4219-4092-A87D-4522CFCFA91C}"
EndProject
Project("{FAE04EC0-301F-11D3-BF4B-00C04F79EFBC}") = "CookService.Application", "CookService\CookService.Application\CookService.Application.csproj", "{C0FE00F3-20D4-4354-AF7A-F32F18028405}"
EndProject
Project("{FAE04EC0-301F-11D3-BF4B-00C04F79EFBC}") = "CookService.Domain", "CookService\CookService.Domain\CookService.Domain.csproj", "{6ABC6B1D-C1E1-4EF1-BB70-3B7C11CDC7E0}"
EndProject
Project("{FAE04EC0-301F-11D3-BF4B-00C04F79EFBC}") = "CookService.Infrastructure", "CookService\CookService.Infrastructure\CookService.Infrastructure.csproj", "{E45FD0DA-E788-4E34-A9E9-CFBE585FE68D}"
EndProject
Project("{FAE04EC0-301F-11D3-BF4B-00C04F79EFBC}") = "CookService.Api", "CookService\CookService.Api\CookService.Api.csproj", "{C8A8AEC0-4026-46C8-9A9F-315A8C6B2FCD}"
EndProject
Global
	GlobalSection(SolutionConfigurationPlatforms) = preSolution
		Debug|Any CPU = Debug|Any CPU
		Release|Any CPU = Release|Any CPU
	EndGlobalSection
	GlobalSection(ProjectConfigurationPlatforms) = postSolution
		{B9AE1FCB-0064-46AD-B07E-C501297F0A92}.Debug|Any CPU.ActiveCfg = Debug|Any CPU
		{B9AE1FCB-0064-46AD-B07E-C501297F0A92}.Debug|Any CPU.Build.0 = Debug|Any CPU
		{B9AE1FCB-0064-46AD-B07E-C501297F0A92}.Release|Any CPU.ActiveCfg = Release|Any CPU
		{B9AE1FCB-0064-46AD-B07E-C501297F0A92}.Release|Any CPU.Build.0 = Release|Any CPU
		{2EDE7C2B-BFC9-444E-AAE8-0B51DA552607}.Debug|Any CPU.ActiveCfg = Debug|Any CPU
		{2EDE7C2B-BFC9-444E-AAE8-0B51DA552607}.Debug|Any CPU.Build.0 = Debug|Any CPU
		{2EDE7C2B-BFC9-444E-AAE8-0B51DA552607}.Release|Any CPU.ActiveCfg = Release|Any CPU
		{2EDE7C2B-BFC9-444E-AAE8-0B51DA552607}.Release|Any CPU.Build.0 = Release|Any CPU
		{2ACDDA77-A256-482E-96BD-70F5DBAAD995}.Debug|Any CPU.ActiveCfg = Debug|Any CPU
		{2ACDDA77-A256-482E-96BD-70F5DBAAD995}.Debug|Any CPU.Build.0 = Debug|Any CPU
		{2ACDDA77-A256-482E-96BD-70F5DBAAD995}.Release|Any CPU.ActiveCfg = Release|Any CPU
		{2ACDDA77-A256-482E-96BD-70F5DBAAD995}.Release|Any CPU.Build.0 = Release|Any CPU
		{1548F559-0FDC-4EAE-BDCD-AACB30DF8562}.Debug|Any CPU.ActiveCfg = Debug|Any CPU
		{1548F559-0FDC-4EAE-BDCD-AACB30DF8562}.Debug|Any CPU.Build.0 = Debug|Any CPU
		{1548F559-0FDC-4EAE-BDCD-AACB30DF8562}.Release|Any CPU.ActiveCfg = Release|Any CPU
		{1548F559-0FDC-4EAE-BDCD-AACB30DF8562}.Release|Any CPU.Build.0 = Release|Any CPU
		{8C751A7E-C0DB-4207-B044-D4701EF7426E}.Debug|Any CPU.ActiveCfg = Debug|Any CPU
		{8C751A7E-C0DB-4207-B044-D4701EF7426E}.Debug|Any CPU.Build.0 = Debug|Any CPU
		{8C751A7E-C0DB-4207-B044-D4701EF7426E}.Release|Any CPU.ActiveCfg = Release|Any CPU
		{8C751A7E-C0DB-4207-B044-D4701EF7426E}.Release|Any CPU.Build.0 = Release|Any CPU
		{1D8A4AC8-71C2-4C9D-A101-6A9BB77FA587}.Debug|Any CPU.ActiveCfg = Debug|Any CPU
		{1D8A4AC8-71C2-4C9D-A101-6A9BB77FA587}.Debug|Any CPU.Build.0 = Debug|Any CPU
		{1D8A4AC8-71C2-4C9D-A101-6A9BB77FA587}.Release|Any CPU.ActiveCfg = Release|Any CPU
		{1D8A4AC8-71C2-4C9D-A101-6A9BB77FA587}.Release|Any CPU.Build.0 = Release|Any CPU
		{9E84F058-A66F-44D7-8C82-78F193036443}.Debug|Any CPU.ActiveCfg = Debug|Any CPU
		{9E84F058-A66F-44D7-8C82-78F193036443}.Debug|Any CPU.Build.0 = Debug|Any CPU
		{9E84F058-A66F-44D7-8C82-78F193036443}.Release|Any CPU.ActiveCfg = Release|Any CPU
		{9E84F058-A66F-44D7-8C82-78F193036443}.Release|Any CPU.Build.0 = Release|Any CPU
		{5B66518A-1F7A-4E56-BA5C-0793D70D783C}.Debug|Any CPU.ActiveCfg = Debug|Any CPU
		{5B66518A-1F7A-4E56-BA5C-0793D70D783C}.Debug|Any CPU.Build.0 = Debug|Any CPU
		{5B66518A-1F7A-4E56-BA5C-0793D70D783C}.Release|Any CPU.ActiveCfg = Release|Any CPU
		{5B66518A-1F7A-4E56-BA5C-0793D70D783C}.Release|Any CPU.Build.0 = Release|Any CPU
		{AE2E990C-2682-42CB-BC43-F1FD598898CB}.Debug|Any CPU.ActiveCfg = Debug|Any CPU
		{AE2E990C-2682-42CB-BC43-F1FD598898CB}.Debug|Any CPU.Build.0 = Debug|Any CPU
		{AE2E990C-2682-42CB-BC43-F1FD598898CB}.Release|Any CPU.ActiveCfg = Release|Any CPU
		{AE2E990C-2682-42CB-BC43-F1FD598898CB}.Release|Any CPU.Build.0 = Release|Any CPU
		{85466DED-66A7-41AF-8ABE-20E207160941}.Debug|Any CPU.ActiveCfg = Debug|Any CPU
		{85466DED-66A7-41AF-8ABE-20E207160941}.Debug|Any CPU.Build.0 = Debug|Any CPU
		{85466DED-66A7-41AF-8ABE-20E207160941}.Release|Any CPU.ActiveCfg = Release|Any CPU
		{85466DED-66A7-41AF-8ABE-20E207160941}.Release|Any CPU.Build.0 = Release|Any CPU
		{CF2B8B41-72D2-4AD6-9CC5-C8147EBBABA3}.Debug|Any CPU.ActiveCfg = Debug|Any CPU
		{CF2B8B41-72D2-4AD6-9CC5-C8147EBBABA3}.Debug|Any CPU.Build.0 = Debug|Any CPU
		{CF2B8B41-72D2-4AD6-9CC5-C8147EBBABA3}.Release|Any CPU.ActiveCfg = Release|Any CPU
		{CF2B8B41-72D2-4AD6-9CC5-C8147EBBABA3}.Release|Any CPU.Build.0 = Release|Any CPU
		{20B5BD26-1738-4A71-97C4-3E837684496B}.Debug|Any CPU.ActiveCfg = Debug|Any CPU
		{20B5BD26-1738-4A71-97C4-3E837684496B}.Debug|Any CPU.Build.0 = Debug|Any CPU
		{20B5BD26-1738-4A71-97C4-3E837684496B}.Release|Any CPU.ActiveCfg = Release|Any CPU
		{20B5BD26-1738-4A71-97C4-3E837684496B}.Release|Any CPU.Build.0 = Release|Any CPU
		{394E0193-19C0-467B-9FA4-A3439FA30C43}.Debug|Any CPU.ActiveCfg = Debug|Any CPU
		{394E0193-19C0-467B-9FA4-A3439FA30C43}.Debug|Any CPU.Build.0 = Debug|Any CPU
		{394E0193-19C0-467B-9FA4-A3439FA30C43}.Release|Any CPU.ActiveCfg = Release|Any CPU
		{394E0193-19C0-467B-9FA4-A3439FA30C43}.Release|Any CPU.Build.0 = Release|Any CPU
		{10077AEE-B59B-4D51-A5BE-951A6191BA35}.Debug|Any CPU.ActiveCfg = Debug|Any CPU
		{10077AEE-B59B-4D51-A5BE-951A6191BA35}.Debug|Any CPU.Build.0 = Debug|Any CPU
		{10077AEE-B59B-4D51-A5BE-951A6191BA35}.Release|Any CPU.ActiveCfg = Release|Any CPU
		{10077AEE-B59B-4D51-A5BE-951A6191BA35}.Release|Any CPU.Build.0 = Release|Any CPU
		{DD0DFDFF-7725-462F-BCD1-8E9D64FE89D9}.Debug|Any CPU.ActiveCfg = Debug|Any CPU
		{DD0DFDFF-7725-462F-BCD1-8E9D64FE89D9}.Debug|Any CPU.Build.0 = Debug|Any CPU
		{DD0DFDFF-7725-462F-BCD1-8E9D64FE89D9}.Release|Any CPU.ActiveCfg = Release|Any CPU
		{DD0DFDFF-7725-462F-BCD1-8E9D64FE89D9}.Release|Any CPU.Build.0 = Release|Any CPU
		{A38D0DAA-C05B-42AA-A46E-7807DDA748AC}.Debug|Any CPU.ActiveCfg = Debug|Any CPU
		{A38D0DAA-C05B-42AA-A46E-7807DDA748AC}.Debug|Any CPU.Build.0 = Debug|Any CPU
		{A38D0DAA-C05B-42AA-A46E-7807DDA748AC}.Release|Any CPU.ActiveCfg = Release|Any CPU
		{A38D0DAA-C05B-42AA-A46E-7807DDA748AC}.Release|Any CPU.Build.0 = Release|Any CPU
		{75E98372-69BA-4ACB-96E7-2DDC454459A3}.Debug|Any CPU.ActiveCfg = Debug|Any CPU
		{75E98372-69BA-4ACB-96E7-2DDC454459A3}.Debug|Any CPU.Build.0 = Debug|Any CPU
		{75E98372-69BA-4ACB-96E7-2DDC454459A3}.Release|Any CPU.ActiveCfg = Release|Any CPU
		{75E98372-69BA-4ACB-96E7-2DDC454459A3}.Release|Any CPU.Build.0 = Release|Any CPU
		{806FFF79-9006-4524-B189-775E5F93707A}.Debug|Any CPU.ActiveCfg = Debug|Any CPU
		{806FFF79-9006-4524-B189-775E5F93707A}.Debug|Any CPU.Build.0 = Debug|Any CPU
		{806FFF79-9006-4524-B189-775E5F93707A}.Release|Any CPU.ActiveCfg = Release|Any CPU
		{806FFF79-9006-4524-B189-775E5F93707A}.Release|Any CPU.Build.0 = Release|Any CPU
		{A5D724BC-A245-408A-A714-F11DE8BEBD63}.Debug|Any CPU.ActiveCfg = Debug|Any CPU
		{A5D724BC-A245-408A-A714-F11DE8BEBD63}.Debug|Any CPU.Build.0 = Debug|Any CPU
		{A5D724BC-A245-408A-A714-F11DE8BEBD63}.Release|Any CPU.ActiveCfg = Release|Any CPU
		{A5D724BC-A245-408A-A714-F11DE8BEBD63}.Release|Any CPU.Build.0 = Release|Any CPU
		{53367D38-25EE-4394-A107-CEF8D4D493A7}.Debug|Any CPU.ActiveCfg = Debug|Any CPU
		{53367D38-25EE-4394-A107-CEF8D4D493A7}.Debug|Any CPU.Build.0 = Debug|Any CPU
		{53367D38-25EE-4394-A107-CEF8D4D493A7}.Release|Any CPU.ActiveCfg = Release|Any CPU
		{53367D38-25EE-4394-A107-CEF8D4D493A7}.Release|Any CPU.Build.0 = Release|Any CPU
		{5486B5C2-5491-4A82-A294-A68E895A3972}.Debug|Any CPU.ActiveCfg = Debug|Any CPU
		{5486B5C2-5491-4A82-A294-A68E895A3972}.Debug|Any CPU.Build.0 = Debug|Any CPU
		{5486B5C2-5491-4A82-A294-A68E895A3972}.Release|Any CPU.ActiveCfg = Release|Any CPU
		{5486B5C2-5491-4A82-A294-A68E895A3972}.Release|Any CPU.Build.0 = Release|Any CPU
		{AF39D200-B1E3-4B90-91BA-3DAF8A27C397}.Debug|Any CPU.ActiveCfg = Debug|Any CPU
		{AF39D200-B1E3-4B90-91BA-3DAF8A27C397}.Debug|Any CPU.Build.0 = Debug|Any CPU
		{AF39D200-B1E3-4B90-91BA-3DAF8A27C397}.Release|Any CPU.ActiveCfg = Release|Any CPU
		{AF39D200-B1E3-4B90-91BA-3DAF8A27C397}.Release|Any CPU.Build.0 = Release|Any CPU
		{82F53C95-4219-4092-A87D-4522CFCFA91C}.Debug|Any CPU.ActiveCfg = Debug|Any CPU
		{82F53C95-4219-4092-A87D-4522CFCFA91C}.Debug|Any CPU.Build.0 = Debug|Any CPU
		{82F53C95-4219-4092-A87D-4522CFCFA91C}.Release|Any CPU.ActiveCfg = Release|Any CPU
		{82F53C95-4219-4092-A87D-4522CFCFA91C}.Release|Any CPU.Build.0 = Release|Any CPU
		{C0FE00F3-20D4-4354-AF7A-F32F18028405}.Debug|Any CPU.ActiveCfg = Debug|Any CPU
		{C0FE00F3-20D4-4354-AF7A-F32F18028405}.Debug|Any CPU.Build.0 = Debug|Any CPU
		{C0FE00F3-20D4-4354-AF7A-F32F18028405}.Release|Any CPU.ActiveCfg = Release|Any CPU
		{C0FE00F3-20D4-4354-AF7A-F32F18028405}.Release|Any CPU.Build.0 = Release|Any CPU
		{6ABC6B1D-C1E1-4EF1-BB70-3B7C11CDC7E0}.Debug|Any CPU.ActiveCfg = Debug|Any CPU
		{6ABC6B1D-C1E1-4EF1-BB70-3B7C11CDC7E0}.Debug|Any CPU.Build.0 = Debug|Any CPU
		{6ABC6B1D-C1E1-4EF1-BB70-3B7C11CDC7E0}.Release|Any CPU.ActiveCfg = Release|Any CPU
		{6ABC6B1D-C1E1-4EF1-BB70-3B7C11CDC7E0}.Release|Any CPU.Build.0 = Release|Any CPU
		{E45FD0DA-E788-4E34-A9E9-CFBE585FE68D}.Debug|Any CPU.ActiveCfg = Debug|Any CPU
		{E45FD0DA-E788-4E34-A9E9-CFBE585FE68D}.Debug|Any CPU.Build.0 = Debug|Any CPU
		{E45FD0DA-E788-4E34-A9E9-CFBE585FE68D}.Release|Any CPU.ActiveCfg = Release|Any CPU
		{E45FD0DA-E788-4E34-A9E9-CFBE585FE68D}.Release|Any CPU.Build.0 = Release|Any CPU
		{C8A8AEC0-4026-46C8-9A9F-315A8C6B2FCD}.Debug|Any CPU.ActiveCfg = Debug|Any CPU
		{C8A8AEC0-4026-46C8-9A9F-315A8C6B2FCD}.Debug|Any CPU.Build.0 = Debug|Any CPU
		{C8A8AEC0-4026-46C8-9A9F-315A8C6B2FCD}.Release|Any CPU.ActiveCfg = Release|Any CPU
		{C8A8AEC0-4026-46C8-9A9F-315A8C6B2FCD}.Release|Any CPU.Build.0 = Release|Any CPU
	EndGlobalSection
	GlobalSection(NestedProjects) = preSolution
		{B9AE1FCB-0064-46AD-B07E-C501297F0A92} = {4FF09E2B-1093-4CCB-B780-35A6B0EDFF23}
		{2EDE7C2B-BFC9-444E-AAE8-0B51DA552607} = {4FF09E2B-1093-4CCB-B780-35A6B0EDFF23}
		{2ACDDA77-A256-482E-96BD-70F5DBAAD995} = {4FF09E2B-1093-4CCB-B780-35A6B0EDFF23}
		{1548F559-0FDC-4EAE-BDCD-AACB30DF8562} = {4FF09E2B-1093-4CCB-B780-35A6B0EDFF23}
		{8C751A7E-C0DB-4207-B044-D4701EF7426E} = {1C3A57D9-7307-4576-9454-1C53C9EC7EDF}
		{1D8A4AC8-71C2-4C9D-A101-6A9BB77FA587} = {1C3A57D9-7307-4576-9454-1C53C9EC7EDF}
		{9E84F058-A66F-44D7-8C82-78F193036443} = {1C3A57D9-7307-4576-9454-1C53C9EC7EDF}
		{5B66518A-1F7A-4E56-BA5C-0793D70D783C} = {8E258172-7360-458C-940B-ECABD8CC89E8}
		{AE2E990C-2682-42CB-BC43-F1FD598898CB} = {8E258172-7360-458C-940B-ECABD8CC89E8}
		{85466DED-66A7-41AF-8ABE-20E207160941} = {8E258172-7360-458C-940B-ECABD8CC89E8}
		{CF2B8B41-72D2-4AD6-9CC5-C8147EBBABA3} = {8E258172-7360-458C-940B-ECABD8CC89E8}
		{20B5BD26-1738-4A71-97C4-3E837684496B} = {E6405131-AD00-48BF-B998-2B3A73F9C69F}
		{394E0193-19C0-467B-9FA4-A3439FA30C43} = {E6405131-AD00-48BF-B998-2B3A73F9C69F}
		{10077AEE-B59B-4D51-A5BE-951A6191BA35} = {E6405131-AD00-48BF-B998-2B3A73F9C69F}
		{DD0DFDFF-7725-462F-BCD1-8E9D64FE89D9} = {E6405131-AD00-48BF-B998-2B3A73F9C69F}
		{A38D0DAA-C05B-42AA-A46E-7807DDA748AC} = {E99B7EB3-ED14-43C7-AF0D-06946E480BE7}
		{75E98372-69BA-4ACB-96E7-2DDC454459A3} = {E99B7EB3-ED14-43C7-AF0D-06946E480BE7}
		{806FFF79-9006-4524-B189-775E5F93707A} = {E99B7EB3-ED14-43C7-AF0D-06946E480BE7}
		{A5D724BC-A245-408A-A714-F11DE8BEBD63} = {E99B7EB3-ED14-43C7-AF0D-06946E480BE7}
		{53367D38-25EE-4394-A107-CEF8D4D493A7} = {1622E4C8-B25C-4FAB-80D5-3DF82C342B99}
		{5486B5C2-5491-4A82-A294-A68E895A3972} = {1622E4C8-B25C-4FAB-80D5-3DF82C342B99}
		{AF39D200-B1E3-4B90-91BA-3DAF8A27C397} = {1622E4C8-B25C-4FAB-80D5-3DF82C342B99}
		{82F53C95-4219-4092-A87D-4522CFCFA91C} = {1622E4C8-B25C-4FAB-80D5-3DF82C342B99}
		{C0FE00F3-20D4-4354-AF7A-F32F18028405} = {0CE542EA-ACB6-40EC-BE8D-F3C74AE976B8}
		{6ABC6B1D-C1E1-4EF1-BB70-3B7C11CDC7E0} = {0CE542EA-ACB6-40EC-BE8D-F3C74AE976B8}
		{E45FD0DA-E788-4E34-A9E9-CFBE585FE68D} = {0CE542EA-ACB6-40EC-BE8D-F3C74AE976B8}
		{C8A8AEC0-4026-46C8-9A9F-315A8C6B2FCD} = {0CE542EA-ACB6-40EC-BE8D-F3C74AE976B8}
	EndGlobalSection
EndGlobal
